Microsoft Visual Studio Solution File, Format Version 12.00
# Visual Studio Version 17
VisualStudioVersion = 17.5.2.0
MinimumVisualStudioVersion = 10.0.40219.1
Project("{FAE04EC0-301F-11D3-BF4B-00C04F79EFBC}") = "CatCollectorDataManager", "CatCollectorDataManager.csproj", "{EDE06818-7BED-7C70-2861-FDDC3CD5206C}"
EndProject
Global
	GlobalSection(SolutionConfigurationPlatforms) = preSolution
		Debug|Any CPU = Debug|Any CPU
		Release|Any CPU = Release|Any CPU
	EndGlobalSection
	GlobalSection(ProjectConfigurationPlatforms) = postSolution
		{EDE06818-7BED-7C70-2861-FDDC3CD5206C}.Debug|Any CPU.ActiveCfg = Debug|Any CPU
		{EDE06818-7BED-7C70-2861-FDDC3CD5206C}.Debug|Any CPU.Build.0 = Debug|Any CPU
		{EDE06818-7BED-7C70-2861-FDDC3CD5206C}.Release|Any CPU.ActiveCfg = Release|Any CPU
		{EDE06818-7BED-7C70-2861-FDDC3CD5206C}.Release|Any CPU.Build.0 = Release|Any CPU
	EndGlobalSection
	GlobalSection(SolutionProperties) = preSolution
		HideSolutionNode = FALSE
	EndGlobalSection
	GlobalSection(ExtensibilityGlobals) = postSolution
		SolutionGuid = {CBDCC161-4256-4AB4-A514-4E5C48E8F0E0}
	EndGlobalSection
EndGlobal
